<?xml version="1.0" encoding="utf-8"?>
<Project ToolsVersion="4.0" xmlns="http://schemas.microsoft.com/developer/msbuild/2003">
  <ItemGroup>
    <Filter Include="Resource Files">
      <UniqueIdentifier>{67DA6AB6-F800-4c08-8B7A-83BB121AAD01}</UniqueIdentifier>
      <Extensions>rc;ico;cur;bmp;dlg;rc2;rct;bin;rgs;gif;jpg;jpeg;jpe;resx;tiff;tif;png;wav;mfcribbon-ms</Extensions>
    </Filter>
    <Filter Include="Code FIles">
      <UniqueIdentifier>{93995380-89BD-4b04-88EB-625FBE52EBFB}</UniqueIdentifier>
      <Extensions>h;hh;hpp;hxx;hm;inl;inc;ipp;xsd</Extensions>
    </Filter>
    <Filter Include="Code FIles\Game">
      <UniqueIdentifier>{8da898af-29d8-4dc2-8ab9-e356da6dcd8d}</UniqueIdentifier>
    </Filter>
    <Filter Include="Code FIles\Game\Elements">
      <UniqueIdentifier>{2acf7f11-f07d-4854-9239-424d56ec8a74}</UniqueIdentifier>
    </Filter>
    <Filter Include="Code FIles\Resources">
      <UniqueIdentifier>{bc39c1dc-1da2-43f9-9c9b-e379a231704d}</UniqueIdentifier>
    </Filter>
    <Filter Include="Code FIles\Menus">
      <UniqueIdentifier>{a5a260fd-db88-418b-b0d4-579fdb6ef340}</UniqueIdentifier>
    </Filter>
    <Filter Include="Code FIles\Menus\Elements">
      <UniqueIdentifier>{641022b3-fc6c-470b-874b-689820c044da}</UniqueIdentifier>
    </Filter>
  </ItemGroup>
  <ItemGroup>
    <ClCompile Include="Button.cpp">
      <Filter>Code FIles\Menus\Elements</Filter>
    </ClCompile>
    <ClCompile Include="Endscreen.cpp">
      <Filter>Code FIles\Menus</Filter>
    </ClCompile>
    <ClCompile Include="MainMenu.cpp">
      <Filter>Code FIles\Menus</Filter>
    </ClCompile>
    <ClCompile Include="Game.cpp">
      <Filter>Code FIles\Game</Filter>
    </ClCompile>
    <ClCompile Include="Score.cpp">
      <Filter>Code FIles\Game\Elements</Filter>
    </ClCompile>
    <ClCompile Include="Brick.cpp">
      <Filter>Code FIles\Game\Elements</Filter>
    </ClCompile>
    <ClCompile Include="Character.cpp">
      <Filter>Code FIles\Game\Elements</Filter>
    </ClCompile>
    <ClCompile Include="Coin.cpp">
      <Filter>Code FIles\Game\Elements</Filter>
    </ClCompile>
    <ClCompile Include="Endpoint.cpp">
      <Filter>Code FIles\Game\Elements</Filter>
    </ClCompile>
    <ClCompile Include="Enemy.cpp">
      <Filter>Code FIles\Game\Elements</Filter>
    </ClCompile>
    <ClCompile Include="Ground.cpp">
      <Filter>Code FIles\Game\Elements</Filter>
    </ClCompile>
    <ClCompile Include="Healer.cpp">
      <Filter>Code FIles\Game\Elements</Filter>
    </ClCompile>
    <ClCompile Include="Maps.cpp">
      <Filter>Code FIles\Resources</Filter>
    </ClCompile>
    <ClCompile Include="Resources.cpp">
      <Filter>Code FIles\Resources</Filter>
    </ClCompile>
    <ClCompile Include="LevelManager.cpp">
      <Filter>Code FIles</Filter>
    </ClCompile>
    <ClCompile Include="main.cpp">
      <Filter>Code FIles</Filter>
    </ClCompile>
  </ItemGroup>
  <ItemGroup>
    <ClInclude Include="resource.h">
      <Filter>Code FIles\Resources</Filter>
    </ClInclude>
    <ClInclude Include="Resources.h">
      <Filter>Code FIles\Resources</Filter>
    </ClInclude>
    <ClInclude Include="Game.h">
      <Filter>Code FIles\Game</Filter>
    </ClInclude>
    <ClInclude Include="LevelManager.h">
      <Filter>Code FIles</Filter>
    </ClInclude>
    <ClInclude Include="MainMenu.h">
      <Filter>Code FIles\Menus</Filter>
    </ClInclude>
    <ClInclude Include="Endscreen.h">
      <Filter>Code FIles\Menus</Filter>
    </ClInclude>
    <ClInclude Include="Maps.h">
      <Filter>Code FIles\Resources</Filter>
    </ClInclude>
    <ClInclude Include="Ground.h">
      <Filter>Code FIles\Game\Elements</Filter>
    </ClInclude>
    <ClInclude Include="Score.h">
      <Filter>Code FIles\Game\Elements</Filter>
    </ClInclude>
    <ClInclude Include="Healer.h">
      <Filter>Code FIles\Game\Elements</Filter>
    </ClInclude>
    <ClInclude Include="Enemy.h">
      <Filter>Code FIles\Game\Elements</Filter>
    </ClInclude>
    <ClInclude Include="Endpoint.h">
      <Filter>Code FIles\Game\Elements</Filter>
    </ClInclude>
    <ClInclude Include="Coin.h">
      <Filter>Code FIles\Game\Elements</Filter>
    </ClInclude>
    <ClInclude Include="Character.h">
      <Filter>Code FIles\Game\Elements</Filter>
    </ClInclude>
    <ClInclude Include="Brick.h">
      <Filter>Code FIles\Game\Elements</Filter>
    </ClInclude>
    <ClInclude Include="Button.h">
      <Filter>Code FIles\Menus\Elements</Filter>
    </ClInclude>
  </ItemGroup>
  <ItemGroup>
    <ResourceCompile Include="Mario.rc">
      <Filter>Resource Files</Filter>
    </ResourceCompile>
  </ItemGroup>
  <ItemGroup>
    <Image Include="icon.ico">
      <Filter>Resource Files</Filter>
    </Image>
  </ItemGroup>
</Project>